
Microsoft Visual Studio Solution File, Format Version 12.00
# Visual Studio 15
VisualStudioVersion = 15.0.27130.2010
MinimumVisualStudioVersion = 10.0.40219.1
Project("{FAE04EC0-301F-11D3-BF4B-00C04F79EFBC}") = "Teste.PagueVeloz", "Teste.PagueVeloz\Teste.PagueVeloz.csproj", "{34B65B93-BCFF-456B-AE6E-0FC8FD4F2955}"
EndProject
Global
	GlobalSection(SolutionConfigurationPlatforms) = preSolution
		Debug|Any CPU = Debug|Any CPU
		Release|Any CPU = Release|Any CPU
	EndGlobalSection
	GlobalSection(ProjectConfigurationPlatforms) = postSolution
		{34B65B93-BCFF-456B-AE6E-0FC8FD4F2955}.Debug|Any CPU.ActiveCfg = Debug|Any CPU
		{34B65B93-BCFF-456B-AE6E-0FC8FD4F2955}.Debug|Any CPU.Build.0 = Debug|Any CPU
		{34B65B93-BCFF-456B-AE6E-0FC8FD4F2955}.Release|Any CPU.ActiveCfg = Release|Any CPU
		{34B65B93-BCFF-456B-AE6E-0FC8FD4F2955}.Release|Any CPU.Build.0 = Release|Any CPU
	EndGlobalSection
	GlobalSection(SolutionProperties) = preSolution
		HideSolutionNode = FALSE
	EndGlobalSection
	GlobalSection(ExtensibilityGlobals) = postSolution
		SolutionGuid = {EF36ABFF-0300-44D3-80E4-25C8D7E37BA8}
	EndGlobalSection
EndGlobal
